
Microsoft Visual Studio Solution File, Format Version 12.00
# Visual Studio 15
VisualStudioVersion = 15.0.28010.2048
MinimumVisualStudioVersion = 10.0.40219.1
Project("{FAE04EC0-301F-11D3-BF4B-00C04F79EFBC}") = "TMReportForm", "TMReportForm\TMReportForm.csproj", "{C2CBAF14-ED6E-4843-8254-58B4267B980A}"
EndProject
Project("{FAE04EC0-301F-11D3-BF4B-00C04F79EFBC}") = "TMReportSource", "TMReportSource\TMReportSource.csproj", "{94E03329-B50D-4E59-8EF6-A5E26EB7CA0F}"
EndProject
Project("{2150E333-8FDC-42A3-9474-1A3956D46DE8}") = "TModels", "TModels", "{54873107-7938-4C73-AC33-1D93D791C5E8}"
	ProjectSection(SolutionItems) = preProject
		TModels\Azure Security and Compliance Blueprint - NIST SP 800-171 PaaS WebApp Threat Model.tm7 = TModels\Azure Security and Compliance Blueprint - NIST SP 800-171 PaaS WebApp Threat Model.tm7
		TModels\Test Threat Model.tm7 = TModels\Test Threat Model.tm7
		TModels\Test Threat Model1.tm7 = TModels\Test Threat Model1.tm7
	EndProjectSection
EndProject
Global
	GlobalSection(SolutionConfigurationPlatforms) = preSolution
		Debug|Any CPU = Debug|Any CPU
		Release|Any CPU = Release|Any CPU
	EndGlobalSection
	GlobalSection(ProjectConfigurationPlatforms) = postSolution
		{C2CBAF14-ED6E-4843-8254-58B4267B980A}.Debug|Any CPU.ActiveCfg = Debug|Any CPU
		{C2CBAF14-ED6E-4843-8254-58B4267B980A}.Debug|Any CPU.Build.0 = Debug|Any CPU
		{C2CBAF14-ED6E-4843-8254-58B4267B980A}.Release|Any CPU.ActiveCfg = Release|Any CPU
		{C2CBAF14-ED6E-4843-8254-58B4267B980A}.Release|Any CPU.Build.0 = Release|Any CPU
		{94E03329-B50D-4E59-8EF6-A5E26EB7CA0F}.Debug|Any CPU.ActiveCfg = Debug|Any CPU
		{94E03329-B50D-4E59-8EF6-A5E26EB7CA0F}.Debug|Any CPU.Build.0 = Debug|Any CPU
		{94E03329-B50D-4E59-8EF6-A5E26EB7CA0F}.Release|Any CPU.ActiveCfg = Release|Any CPU
		{94E03329-B50D-4E59-8EF6-A5E26EB7CA0F}.Release|Any CPU.Build.0 = Release|Any CPU
	EndGlobalSection
	GlobalSection(SolutionProperties) = preSolution
		HideSolutionNode = FALSE
	EndGlobalSection
	GlobalSection(ExtensibilityGlobals) = postSolution
		SolutionGuid = {6418125E-C106-48D0-857A-3F7B00AEFF35}
	EndGlobalSection
EndGlobal
